
Microsoft Visual Studio Solution File, Format Version 11.00
# Visual Studio 2010
Project("{FAE04EC0-301F-11D3-BF4B-00C04F79EFBC}") = "Provider", "..\ProviderCore\Provider.csproj", "{FD9A54AA-64DC-4002-95A2-D9C5C4160754}"
EndProject
Project("{FAE04EC0-301F-11D3-BF4B-00C04F79EFBC}") = "Provider.Database", "..\Provider.Database\Provider.Database.csproj", "{2B754421-B323-4148-B30C-86CEAD7F507C}"
EndProject
Project("{FAE04EC0-301F-11D3-BF4B-00C04F79EFBC}") = "Provider.Database.MsSql", "MsSql\Provider.Database.MsSql.csproj", "{0CD592C6-DB25-4951-AF6E-9179EF2A202F}"
EndProject
Project("{FAE04EC0-301F-11D3-BF4B-00C04F79EFBC}") = "Provider.Database.MySql", "Provider.Database.MySQL\Provider.Database.MySql.csproj", "{7F108DC2-38B1-4698-A072-A5571F550FCF}"
EndProject
Project("{FAE04EC0-301F-11D3-BF4B-00C04F79EFBC}") = "Common", "..\Common\Common.csproj", "{74445618-F8F7-40CE-8CD9-73D9D1157C47}"
EndProject
Global
	GlobalSection(SolutionConfigurationPlatforms) = preSolution
		Debug|Any CPU = Debug|Any CPU
		Release|Any CPU = Release|Any CPU
	EndGlobalSection
	GlobalSection(ProjectConfigurationPlatforms) = postSolution
		{FD9A54AA-64DC-4002-95A2-D9C5C4160754}.Debug|Any CPU.ActiveCfg = Debug|Any CPU
		{FD9A54AA-64DC-4002-95A2-D9C5C4160754}.Debug|Any CPU.Build.0 = Debug|Any CPU
		{FD9A54AA-64DC-4002-95A2-D9C5C4160754}.Release|Any CPU.ActiveCfg = Release|Any CPU
		{FD9A54AA-64DC-4002-95A2-D9C5C4160754}.Release|Any CPU.Build.0 = Release|Any CPU
		{2B754421-B323-4148-B30C-86CEAD7F507C}.Debug|Any CPU.ActiveCfg = Debug|Any CPU
		{2B754421-B323-4148-B30C-86CEAD7F507C}.Debug|Any CPU.Build.0 = Debug|Any CPU
		{2B754421-B323-4148-B30C-86CEAD7F507C}.Release|Any CPU.ActiveCfg = Release|Any CPU
		{2B754421-B323-4148-B30C-86CEAD7F507C}.Release|Any CPU.Build.0 = Release|Any CPU
		{0CD592C6-DB25-4951-AF6E-9179EF2A202F}.Debug|Any CPU.ActiveCfg = Debug|Any CPU
		{0CD592C6-DB25-4951-AF6E-9179EF2A202F}.Debug|Any CPU.Build.0 = Debug|Any CPU
		{0CD592C6-DB25-4951-AF6E-9179EF2A202F}.Release|Any CPU.ActiveCfg = Release|Any CPU
		{0CD592C6-DB25-4951-AF6E-9179EF2A202F}.Release|Any CPU.Build.0 = Release|Any CPU
		{7F108DC2-38B1-4698-A072-A5571F550FCF}.Debug|Any CPU.ActiveCfg = Debug|Any CPU
		{7F108DC2-38B1-4698-A072-A5571F550FCF}.Debug|Any CPU.Build.0 = Debug|Any CPU
		{7F108DC2-38B1-4698-A072-A5571F550FCF}.Release|Any CPU.ActiveCfg = Release|Any CPU
		{7F108DC2-38B1-4698-A072-A5571F550FCF}.Release|Any CPU.Build.0 = Release|Any CPU
		{74445618-F8F7-40CE-8CD9-73D9D1157C47}.Debug|Any CPU.ActiveCfg = Debug|Any CPU
		{74445618-F8F7-40CE-8CD9-73D9D1157C47}.Debug|Any CPU.Build.0 = Debug|Any CPU
		{74445618-F8F7-40CE-8CD9-73D9D1157C47}.Release|Any CPU.ActiveCfg = Release|Any CPU
		{74445618-F8F7-40CE-8CD9-73D9D1157C47}.Release|Any CPU.Build.0 = Release|Any CPU
	EndGlobalSection
	GlobalSection(SolutionProperties) = preSolution
		HideSolutionNode = FALSE
	EndGlobalSection
EndGlobal
